// !$*UTF8*$!
{
	archiveVersion = 1;
	classes = {
	};
	objectVersion = 48;
	objects = {

/* Begin PBXBuildFile section */
		045A66C3205CC37200465DE9 /* CommunityTabViewController.swift in Sources */ = {isa = PBXBuildFile; fileRef = 045A66C2205CC37200465DE9 /* CommunityTabViewController.swift */; };
		047367DE20490EC600029D0C /* SearchTabViewController.swift in Sources */ = {isa = PBXBuildFile; fileRef = 047367DD20490EC600029D0C /* SearchTabViewController.swift */; };
		047367E020490EDC00029D0C /* ExploreTabViewController.swift in Sources */ = {isa = PBXBuildFile; fileRef = 047367DF20490EDC00029D0C /* ExploreTabViewController.swift */; };
		04FC21E82058C5A90029959C /* JobTableViewCell.swift in Sources */ = {isa = PBXBuildFile; fileRef = 04FC21E72058C5A90029959C /* JobTableViewCell.swift */; };
		04FC21EA2058C7FD0029959C /* Job.swift in Sources */ = {isa = PBXBuildFile; fileRef = 04FC21E92058C7FD0029959C /* Job.swift */; };
		04FC21EC2058CEBA0029959C /* AddJobViewController.swift in Sources */ = {isa = PBXBuildFile; fileRef = 04FC21EB2058CEBA0029959C /* AddJobViewController.swift */; };
		04FD0640205CAF25000825DF /* Event.swift in Sources */ = {isa = PBXBuildFile; fileRef = 04FD063F205CAF25000825DF /* Event.swift */; };
		04FD0642205CB50A000825DF /* AddEventViewController.swift in Sources */ = {isa = PBXBuildFile; fileRef = 04FD0641205CB50A000825DF /* AddEventViewController.swift */; };
		04FD0644205CB5F6000825DF /* EventTableViewCell.swift in Sources */ = {isa = PBXBuildFile; fileRef = 04FD0643205CB5F6000825DF /* EventTableViewCell.swift */; };
		3970FEB1205F350700DBFA64 /* UserViewController.swift in Sources */ = {isa = PBXBuildFile; fileRef = 3970FEB0205F350700DBFA64 /* UserViewController.swift */; };
		3970FEB3205F3CA300DBFA64 /* CommunityViewController.swift in Sources */ = {isa = PBXBuildFile; fileRef = 3970FEB2205F3CA300DBFA64 /* CommunityViewController.swift */; };
		3970FEB5205F3CB500DBFA64 /* JobViewController.swift in Sources */ = {isa = PBXBuildFile; fileRef = 3970FEB4205F3CB500DBFA64 /* JobViewController.swift */; };
		3970FEBB205F50B900DBFA64 /* UserTableViewCell.swift in Sources */ = {isa = PBXBuildFile; fileRef = 3970FEBA205F50B900DBFA64 /* UserTableViewCell.swift */; };
		AB5F4B79205D8EB60085A11D /* SearchTableCell.swift in Sources */ = {isa = PBXBuildFile; fileRef = AB5F4B78205D8EB60085A11D /* SearchTableCell.swift */; };
		AB5F4B7C205DA37F0085A11D /* QRViewController.swift in Sources */ = {isa = PBXBuildFile; fileRef = AB5F4B7B205DA37F0085A11D /* QRViewController.swift */; };
		AB5F4B7E205DA88D0085A11D /* ScannerViewController.swift in Sources */ = {isa = PBXBuildFile; fileRef = AB5F4B7D205DA88D0085A11D /* ScannerViewController.swift */; };
		AB5F4B81205DC2990085A11D /* HiredPaymentController.swift in Sources */ = {isa = PBXBuildFile; fileRef = AB5F4B80205DC2990085A11D /* HiredPaymentController.swift */; };
		AB5F4B83205DC7E40085A11D /* ratingControl.swift in Sources */ = {isa = PBXBuildFile; fileRef = AB5F4B82205DC7E40085A11D /* ratingControl.swift */; };
		AB5F4B85205DCD310085A11D /* HiringPaymentController.swift in Sources */ = {isa = PBXBuildFile; fileRef = AB5F4B84205DCD310085A11D /* HiringPaymentController.swift */; };
		AB5F4B88205DDEA30085A11D /* globalCoreData.xcdatamodeld in Sources */ = {isa = PBXBuildFile; fileRef = AB5F4B86205DDEA30085A11D /* globalCoreData.xcdatamodeld */; };
		AB7743012047853A00799F84 /* AppDelegate.swift in Sources */ = {isa = PBXBuildFile; fileRef = AB7743002047853A00799F84 /* AppDelegate.swift */; };
		AB7743032047853A00799F84 /* HomeTabViewController.swift in Sources */ = {isa = PBXBuildFile; fileRef = AB7743022047853A00799F84 /* HomeTabViewController.swift */; };
		AB7743082047853A00799F84 /* Main.storyboard in Resources */ = {isa = PBXBuildFile; fileRef = AB7743062047853A00799F84 /* Main.storyboard */; };
		AB77430A2047853A00799F84 /* Assets.xcassets in Resources */ = {isa = PBXBuildFile; fileRef = AB7743092047853A00799F84 /* Assets.xcassets */; };
		AB77430D2047853A00799F84 /* LaunchScreen.storyboard in Resources */ = {isa = PBXBuildFile; fileRef = AB77430B2047853A00799F84 /* LaunchScreen.storyboard */; };
/* End PBXBuildFile section */

/* Begin PBXFileReference section */
		045A66C2205CC37200465DE9 /* CommunityTabViewController.swift */ = {isa = PBXFileReference; lastKnownFileType = sourcecode.swift; path = CommunityTabViewController.swift; sourceTree = "<group>"; };
		047367DD20490EC600029D0C /* SearchTabViewController.swift */ = {isa = PBXFileReference; lastKnownFileType = sourcecode.swift; path = SearchTabViewController.swift; sourceTree = "<group>"; };
		047367DF20490EDC00029D0C /* ExploreTabViewController.swift */ = {isa = PBXFileReference; lastKnownFileType = sourcecode.swift; path = ExploreTabViewController.swift; sourceTree = "<group>"; };
		04FC21E72058C5A90029959C /* JobTableViewCell.swift */ = {isa = PBXFileReference; lastKnownFileType = sourcecode.swift; path = JobTableViewCell.swift; sourceTree = "<group>"; };
		04FC21E92058C7FD0029959C /* Job.swift */ = {isa = PBXFileReference; lastKnownFileType = sourcecode.swift; path = Job.swift; sourceTree = "<group>"; };
		04FC21EB2058CEBA0029959C /* AddJobViewController.swift */ = {isa = PBXFileReference; lastKnownFileType = sourcecode.swift; path = AddJobViewController.swift; sourceTree = "<group>"; };
		04FD063F205CAF25000825DF /* Event.swift */ = {isa = PBXFileReference; lastKnownFileType = sourcecode.swift; path = Event.swift; sourceTree = "<group>"; };
		04FD0641205CB50A000825DF /* AddEventViewController.swift */ = {isa = PBXFileReference; lastKnownFileType = sourcecode.swift; path = AddEventViewController.swift; sourceTree = "<group>"; };
		04FD0643205CB5F6000825DF /* EventTableViewCell.swift */ = {isa = PBXFileReference; lastKnownFileType = sourcecode.swift; path = EventTableViewCell.swift; sourceTree = "<group>"; };
		3970FEB0205F350700DBFA64 /* UserViewController.swift */ = {isa = PBXFileReference; lastKnownFileType = sourcecode.swift; path = UserViewController.swift; sourceTree = "<group>"; };
		3970FEB2205F3CA300DBFA64 /* CommunityViewController.swift */ = {isa = PBXFileReference; lastKnownFileType = sourcecode.swift; path = CommunityViewController.swift; sourceTree = "<group>"; };
		3970FEB4205F3CB500DBFA64 /* JobViewController.swift */ = {isa = PBXFileReference; lastKnownFileType = sourcecode.swift; path = JobViewController.swift; sourceTree = "<group>"; };
		3970FEBA205F50B900DBFA64 /* UserTableViewCell.swift */ = {isa = PBXFileReference; lastKnownFileType = sourcecode.swift; path = UserTableViewCell.swift; sourceTree = "<group>"; };
		AB5F4B78205D8EB60085A11D /* SearchTableCell.swift */ = {isa = PBXFileReference; lastKnownFileType = sourcecode.swift; path = SearchTableCell.swift; sourceTree = "<group>"; };
		AB5F4B7B205DA37F0085A11D /* QRViewController.swift */ = {isa = PBXFileReference; lastKnownFileType = sourcecode.swift; path = QRViewController.swift; sourceTree = "<group>"; };
		AB5F4B7D205DA88D0085A11D /* ScannerViewController.swift */ = {isa = PBXFileReference; lastKnownFileType = sourcecode.swift; path = ScannerViewController.swift; sourceTree = "<group>"; };
		AB5F4B80205DC2990085A11D /* HiredPaymentController.swift */ = {isa = PBXFileReference; lastKnownFileType = sourcecode.swift; path = HiredPaymentController.swift; sourceTree = "<group>"; };
		AB5F4B82205DC7E40085A11D /* ratingControl.swift */ = {isa = PBXFileReference; lastKnownFileType = sourcecode.swift; path = ratingControl.swift; sourceTree = "<group>"; };
		AB5F4B84205DCD310085A11D /* HiringPaymentController.swift */ = {isa = PBXFileReference; lastKnownFileType = sourcecode.swift; path = HiringPaymentController.swift; sourceTree = "<group>"; };
		AB5F4B87205DDEA30085A11D /* globalCoreData.xcdatamodel */ = {isa = PBXFileReference; lastKnownFileType = wrapper.xcdatamodel; path = globalCoreData.xcdatamodel; sourceTree = "<group>"; };
		AB7742FD2047853A00799F84 /* Helping Hands.app */ = {isa = PBXFileReference; explicitFileType = wrapper.application; includeInIndex = 0; path = "Helping Hands.app"; sourceTree = BUILT_PRODUCTS_DIR; };
		AB7743002047853A00799F84 /* AppDelegate.swift */ = {isa = PBXFileReference; lastKnownFileType = sourcecode.swift; path = AppDelegate.swift; sourceTree = "<group>"; };
		AB7743022047853A00799F84 /* HomeTabViewController.swift */ = {isa = PBXFileReference; lastKnownFileType = sourcecode.swift; path = HomeTabViewController.swift; sourceTree = "<group>"; };
		AB7743072047853A00799F84 /* Base */ = {isa = PBXFileReference; lastKnownFileType = file.storyboard; name = Base; path = Base.lproj/Main.storyboard; sourceTree = "<group>"; };
		AB7743092047853A00799F84 /* Assets.xcassets */ = {isa = PBXFileReference; lastKnownFileType = folder.assetcatalog; path = Assets.xcassets; sourceTree = "<group>"; };
		AB77430C2047853A00799F84 /* Base */ = {isa = PBXFileReference; lastKnownFileType = file.storyboard; name = Base; path = Base.lproj/LaunchScreen.storyboard; sourceTree = "<group>"; };
		AB77430E2047853A00799F84 /* Info.plist */ = {isa = PBXFileReference; lastKnownFileType = text.plist.xml; path = Info.plist; sourceTree = "<group>"; };
/* End PBXFileReference section */

/* Begin PBXFrameworksBuildPhase section */
		AB7742FA2047853A00799F84 /* Frameworks */ = {
			isa = PBXFrameworksBuildPhase;
			buildActionMask = 2147483647;
			files = (
			);
			runOnlyForDeploymentPostprocessing = 0;
		};
/* End PBXFrameworksBuildPhase section */

/* Begin PBXGroup section */
		04FD0647205CB74C000825DF /* homeTab */ = {
			isa = PBXGroup;
			children = (
				04FD0648205CB75D000825DF /* communityTab */,
				04FC21E92058C7FD0029959C /* Job.swift */,
				AB7743022047853A00799F84 /* HomeTabViewController.swift */,
				04FC21E72058C5A90029959C /* JobTableViewCell.swift */,
				04FC21EB2058CEBA0029959C /* AddJobViewController.swift */,
			);
			path = homeTab;
			sourceTree = "<group>";
		};
		04FD0648205CB75D000825DF /* communityTab */ = {
			isa = PBXGroup;
			children = (
				04FD063F205CAF25000825DF /* Event.swift */,
				04FD0641205CB50A000825DF /* AddEventViewController.swift */,
				04FD0643205CB5F6000825DF /* EventTableViewCell.swift */,
				045A66C2205CC37200465DE9 /* CommunityTabViewController.swift */,
			);
			path = communityTab;
			sourceTree = "<group>";
		};
		3970FEAF205F34A900DBFA64 /* models */ = {
			isa = PBXGroup;
			children = (
				3970FEB0205F350700DBFA64 /* UserViewController.swift */,
				3970FEB2205F3CA300DBFA64 /* CommunityViewController.swift */,
				3970FEB4205F3CB500DBFA64 /* JobViewController.swift */,
				3970FEBA205F50B900DBFA64 /* UserTableViewCell.swift */,
			);
			path = models;
			sourceTree = "<group>";
		};
		AB5F4B77205D8E970085A11D /* searchTab */ = {
			isa = PBXGroup;
			children = (
				047367DD20490EC600029D0C /* SearchTabViewController.swift */,
				AB5F4B78205D8EB60085A11D /* SearchTableCell.swift */,
			);
			path = searchTab;
			sourceTree = "<group>";
		};
		AB5F4B7A205DA3520085A11D /* confirmationQR */ = {
			isa = PBXGroup;
			children = (
				AB5F4B7B205DA37F0085A11D /* QRViewController.swift */,
				AB5F4B7D205DA88D0085A11D /* ScannerViewController.swift */,
			);
			path = confirmationQR;
			sourceTree = "<group>";
		};
		AB5F4B7F205DC2690085A11D /* paymentReview */ = {
			isa = PBXGroup;
			children = (
				AB5F4B80205DC2990085A11D /* HiredPaymentController.swift */,
				AB5F4B82205DC7E40085A11D /* ratingControl.swift */,
				AB5F4B84205DCD310085A11D /* HiringPaymentController.swift */,
			);
			path = paymentReview;
			sourceTree = "<group>";
		};
		AB5F4B89205DE3800085A11D /* exploreTab */ = {
			isa = PBXGroup;
			children = (
				047367DF20490EDC00029D0C /* ExploreTabViewController.swift */,
			);
			path = exploreTab;
			sourceTree = "<group>";
		};
		AB5F4B8A205DE3FA0085A11D /* main */ = {
			isa = PBXGroup;
			children = (
				AB5F4B86205DDEA30085A11D /* globalCoreData.xcdatamodeld */,
				AB77430B2047853A00799F84 /* LaunchScreen.storyboard */,
				AB7743092047853A00799F84 /* Assets.xcassets */,
				AB7743062047853A00799F84 /* Main.storyboard */,
				AB7743002047853A00799F84 /* AppDelegate.swift */,
			);
			path = main;
			sourceTree = "<group>";
		};
		AB7742F42047853A00799F84 = {
			isa = PBXGroup;
			children = (
				AB7742FF2047853A00799F84 /* Helping Hands */,
				AB7742FE2047853A00799F84 /* Products */,
			);
			sourceTree = "<group>";
		};
		AB7742FE2047853A00799F84 /* Products */ = {
			isa = PBXGroup;
			children = (
				AB7742FD2047853A00799F84 /* Helping Hands.app */,
			);
			name = Products;
			sourceTree = "<group>";
		};
		AB7742FF2047853A00799F84 /* Helping Hands */ = {
			isa = PBXGroup;
			children = (
				AB77430E2047853A00799F84 /* Info.plist */,
				AB5F4B8A205DE3FA0085A11D /* main */,
				AB5F4B89205DE3800085A11D /* exploreTab */,
				AB5F4B7F205DC2690085A11D /* paymentReview */,
				AB5F4B7A205DA3520085A11D /* confirmationQR */,
				AB5F4B77205D8E970085A11D /* searchTab */,
				04FD0647205CB74C000825DF /* homeTab */,
				3970FEAF205F34A900DBFA64 /* models */,
			);
			path = "Helping Hands";
			sourceTree = "<group>";
		};
/* End PBXGroup section */

/* Begin PBXNativeTarget section */
		AB7742FC2047853A00799F84 /* Helping Hands */ = {
			isa = PBXNativeTarget;
			buildConfigurationList = AB7743112047853A00799F84 /* Build configuration list for PBXNativeTarget "Helping Hands" */;
			buildPhases = (
				AB7742F92047853A00799F84 /* Sources */,
				AB7742FA2047853A00799F84 /* Frameworks */,
				AB7742FB2047853A00799F84 /* Resources */,
			);
			buildRules = (
			);
			dependencies = (
			);
			name = "Helping Hands";
			productName = "Helping Hands";
			productReference = AB7742FD2047853A00799F84 /* Helping Hands.app */;
			productType = "com.apple.product-type.application";
		};
/* End PBXNativeTarget section */

/* Begin PBXProject section */
		AB7742F52047853A00799F84 /* Project object */ = {
			isa = PBXProject;
			attributes = {
				LastSwiftUpdateCheck = 0920;
				LastUpgradeCheck = 0920;
				ORGANIZATIONNAME = "Tracy Nguyen";
				TargetAttributes = {
					AB7742FC2047853A00799F84 = {
						CreatedOnToolsVersion = 9.2;
						ProvisioningStyle = Automatic;
					};
				};
			};
			buildConfigurationList = AB7742F82047853A00799F84 /* Build configuration list for PBXProject "Helping Hands" */;
			compatibilityVersion = "Xcode 8.0";
			developmentRegion = en;
			hasScannedForEncodings = 0;
			knownRegions = (
				en,
				Base,
			);
			mainGroup = AB7742F42047853A00799F84;
			productRefGroup = AB7742FE2047853A00799F84 /* Products */;
			projectDirPath = "";
			projectRoot = "";
			targets = (
				AB7742FC2047853A00799F84 /* Helping Hands */,
			);
		};
/* End PBXProject section */

/* Begin PBXResourcesBuildPhase section */
		AB7742FB2047853A00799F84 /* Resources */ = {
			isa = PBXResourcesBuildPhase;
			buildActionMask = 2147483647;
			files = (
				AB77430D2047853A00799F84 /* LaunchScreen.storyboard in Resources */,
				AB77430A2047853A00799F84 /* Assets.xcassets in Resources */,
				AB7743082047853A00799F84 /* Main.storyboard in Resources */,
			);
			runOnlyForDeploymentPostprocessing = 0;
		};
/* End PBXResourcesBuildPhase section */

/* Begin PBXSourcesBuildPhase section */
		AB7742F92047853A00799F84 /* Sources */ = {
			isa = PBXSourcesBuildPhase;
			buildActionMask = 2147483647;
			files = (
				AB5F4B85205DCD310085A11D /* HiringPaymentController.swift in Sources */,
				04FC21EC2058CEBA0029959C /* AddJobViewController.swift in Sources */,
				3970FEBB205F50B900DBFA64 /* UserTableViewCell.swift in Sources */,
				04FD0644205CB5F6000825DF /* EventTableViewCell.swift in Sources */,
				04FD0642205CB50A000825DF /* AddEventViewController.swift in Sources */,
				04FD0640205CAF25000825DF /* Event.swift in Sources */,
				AB5F4B83205DC7E40085A11D /* ratingControl.swift in Sources */,
				047367DE20490EC600029D0C /* SearchTabViewController.swift in Sources */,
				AB5F4B88205DDEA30085A11D /* globalCoreData.xcdatamodeld in Sources */,
				3970FEB5205F3CB500DBFA64 /* JobViewController.swift in Sources */,
				3970FEB3205F3CA300DBFA64 /* CommunityViewController.swift in Sources */,
				AB7743012047853A00799F84 /* AppDelegate.swift in Sources */,
				045A66C3205CC37200465DE9 /* CommunityTabViewController.swift in Sources */,
				AB5F4B7E205DA88D0085A11D /* ScannerViewController.swift in Sources */,
				AB7743032047853A00799F84 /* HomeTabViewController.swift in Sources */,
				AB5F4B81205DC2990085A11D /* HiredPaymentController.swift in Sources */,
				AB5F4B7C205DA37F0085A11D /* QRViewController.swift in Sources */,
				04FC21E82058C5A90029959C /* JobTableViewCell.swift in Sources */,
				047367E020490EDC00029D0C /* ExploreTabViewController.swift in Sources */,
				AB5F4B79205D8EB60085A11D /* SearchTableCell.swift in Sources */,
				04FC21EA2058C7FD0029959C /* Job.swift in Sources */,
				3970FEB1205F350700DBFA64 /* UserViewController.swift in Sources */,
			);
			runOnlyForDeploymentPostprocessing = 0;
		};
/* End PBXSourcesBuildPhase section */

/* Begin PBXVariantGroup section */
		AB7743062047853A00799F84 /* Main.storyboard */ = {
			isa = PBXVariantGroup;
			children = (
				AB7743072047853A00799F84 /* Base */,
			);
			name = Main.storyboard;
			sourceTree = "<group>";
		};
		AB77430B2047853A00799F84 /* LaunchScreen.storyboard */ = {
			isa = PBXVariantGroup;
			children = (
				AB77430C2047853A00799F84 /* Base */,
			);
			name = LaunchScreen.storyboard;
			sourceTree = "<group>";
		};
/* End PBXVariantGroup section */

/* Begin XCBuildConfiguration section */
		AB77430F2047853A00799F84 /* Debug */ = {
			isa = XCBuildConfiguration;
			buildSettings = {
				ALWAYS_SEARCH_USER_PATHS = NO;
				CLANG_ANALYZER_NONNULL = YES;
				CLANG_ANALYZER_NUMBER_OBJECT_CONVERSION = YES_AGGRESSIVE;
				CLANG_CXX_LANGUAGE_STANDARD = "gnu++14";
				CLANG_CXX_LIBRARY = "libc++";
				CLANG_ENABLE_MODULES = YES;
				CLANG_ENABLE_OBJC_ARC = YES;
				CLANG_WARN_BLOCK_CAPTURE_AUTORELEASING = YES;
				CLANG_WARN_BOOL_CONVERSION = YES;
				CLANG_WARN_COMMA = YES;
				CLANG_WARN_CONSTANT_CONVERSION = YES;
				CLANG_WARN_DIRECT_OBJC_ISA_USAGE = YES_ERROR;
				CLANG_WARN_DOCUMENTATION_COMMENTS = YES;
				CLANG_WARN_EMPTY_BODY = YES;
				CLANG_WARN_ENUM_CONVERSION = YES;
				CLANG_WARN_INFINITE_RECURSION = YES;
				CLANG_WARN_INT_CONVERSION = YES;
				CLANG_WARN_NON_LITERAL_NULL_CONVERSION = YES;
				CLANG_WARN_OBJC_LITERAL_CONVERSION = YES;
				CLANG_WARN_OBJC_ROOT_CLASS = YES_ERROR;
				CLANG_WARN_RANGE_LOOP_ANALYSIS = YES;
				CLANG_WARN_STRICT_PROTOTYPES = YES;
				CLANG_WARN_SUSPICIOUS_MOVE = YES;
				CLANG_WARN_UNGUARDED_AVAILABILITY = YES_AGGRESSIVE;
				CLANG_WARN_UNREACHABLE_CODE = YES;
				CLANG_WARN__DUPLICATE_METHOD_MATCH = YES;
				CODE_SIGN_IDENTITY = "iPhone Developer";
				COPY_PHASE_STRIP = NO;
				DEBUG_INFORMATION_FORMAT = dwarf;
				ENABLE_STRICT_OBJC_MSGSEND = YES;
				ENABLE_TESTABILITY = YES;
				GCC_C_LANGUAGE_STANDARD = gnu11;
				GCC_DYNAMIC_NO_PIC = NO;
				GCC_NO_COMMON_BLOCKS = YES;
				GCC_OPTIMIZATION_LEVEL = 0;
				GCC_PREPROCESSOR_DEFINITIONS = (
					"DEBUG=1",
					"$(inherited)",
				);
				GCC_WARN_64_TO_32_BIT_CONVERSION = YES;
				GCC_WARN_ABOUT_RETURN_TYPE = YES_ERROR;
				GCC_WARN_UNDECLARED_SELECTOR = YES;
				GCC_WARN_UNINITIALIZED_AUTOS = YES_AGGRESSIVE;
				GCC_WARN_UNUSED_FUNCTION = YES;
				GCC_WARN_UNUSED_VARIABLE = YES;
				IPHONEOS_DEPLOYMENT_TARGET = 11.2;
				MTL_ENABLE_DEBUG_INFO = YES;
				ONLY_ACTIVE_ARCH = YES;
				SDKROOT = iphoneos;
				SWIFT_ACTIVE_COMPILATION_CONDITIONS = DEBUG;
				SWIFT_OPTIMIZATION_LEVEL = "-Onone";
			};
			name = Debug;
		};
		AB7743102047853A00799F84 /* Release */ = {
			isa = XCBuildConfiguration;
			buildSettings = {
				ALWAYS_SEARCH_USER_PATHS = NO;
				CLANG_ANALYZER_NONNULL = YES;
				CLANG_ANALYZER_NUMBER_OBJECT_CONVERSION = YES_AGGRESSIVE;
				CLANG_CXX_LANGUAGE_STANDARD = "gnu++14";
				CLANG_CXX_LIBRARY = "libc++";
				CLANG_ENABLE_MODULES = YES;
				CLANG_ENABLE_OBJC_ARC = YES;
				CLANG_WARN_BLOCK_CAPTURE_AUTORELEASING = YES;
				CLANG_WARN_BOOL_CONVERSION = YES;
				CLANG_WARN_COMMA = YES;
				CLANG_WARN_CONSTANT_CONVERSION = YES;
				CLANG_WARN_DIRECT_OBJC_ISA_USAGE = YES_ERROR;
				CLANG_WARN_DOCUMENTATION_COMMENTS = YES;
				CLANG_WARN_EMPTY_BODY = YES;
				CLANG_WARN_ENUM_CONVERSION = YES;
				CLANG_WARN_INFINITE_RECURSION = YES;
				CLANG_WARN_INT_CONVERSION = YES;
				CLANG_WARN_NON_LITERAL_NULL_CONVERSION = YES;
				CLANG_WARN_OBJC_LITERAL_CONVERSION = YES;
				CLANG_WARN_OBJC_ROOT_CLASS = YES_ERROR;
				CLANG_WARN_RANGE_LOOP_ANALYSIS = YES;
				CLANG_WARN_STRICT_PROTOTYPES = YES;
				CLANG_WARN_SUSPICIOUS_MOVE = YES;
				CLANG_WARN_UNGUARDED_AVAILABILITY = YES_AGGRESSIVE;
				CLANG_WARN_UNREACHABLE_CODE = YES;
				CLANG_WARN__DUPLICATE_METHOD_MATCH = YES;
				CODE_SIGN_IDENTITY = "iPhone Developer";
				COPY_PHASE_STRIP = NO;
				DEBUG_INFORMATION_FORMAT = "dwarf-with-dsym";
				ENABLE_NS_ASSERTIONS = NO;
				ENABLE_STRICT_OBJC_MSGSEND = YES;
				GCC_C_LANGUAGE_STANDARD = gnu11;
				GCC_NO_COMMON_BLOCKS = YES;
				GCC_WARN_64_TO_32_BIT_CONVERSION = YES;
				GCC_WARN_ABOUT_RETURN_TYPE = YES_ERROR;
				GCC_WARN_UNDECLARED_SELECTOR = YES;
				GCC_WARN_UNINITIALIZED_AUTOS = YES_AGGRESSIVE;
				GCC_WARN_UNUSED_FUNCTION = YES;
				GCC_WARN_UNUSED_VARIABLE = YES;
				IPHONEOS_DEPLOYMENT_TARGET = 11.2;
				MTL_ENABLE_DEBUG_INFO = NO;
				SDKROOT = iphoneos;
				SWIFT_OPTIMIZATION_LEVEL = "-Owholemodule";
				VALIDATE_PRODUCT = YES;
			};
			name = Release;
		};
		AB7743122047853A00799F84 /* Debug */ = {
			isa = XCBuildConfiguration;
			buildSettings = {
				ASSETCATALOG_COMPILER_APPICON_NAME = AppIcon;
				CODE_SIGN_STYLE = Automatic;
				DEVELOPMENT_TEAM = BJLQZPP9P3;
				INFOPLIST_FILE = "Helping Hands/Info.plist";
				IPHONEOS_DEPLOYMENT_TARGET = 10.2;
				LD_RUNPATH_SEARCH_PATHS = "$(inherited) @executable_path/Frameworks";
				PRODUCT_BUNDLE_IDENTIFIER = "DreamTeamMemeTeam.Helping-Hands";
				PRODUCT_NAME = "$(TARGET_NAME)";
				SWIFT_VERSION = 4.0;
				TARGETED_DEVICE_FAMILY = "1,2";
			};
			name = Debug;
		};
		AB7743132047853A00799F84 /* Release */ = {
			isa = XCBuildConfiguration;
			buildSettings = {
				ASSETCATALOG_COMPILER_APPICON_NAME = AppIcon;
				CODE_SIGN_STYLE = Automatic;
				DEVELOPMENT_TEAM = BJLQZPP9P3;
				INFOPLIST_FILE = "Helping Hands/Info.plist";
				IPHONEOS_DEPLOYMENT_TARGET = 10.2;
				LD_RUNPATH_SEARCH_PATHS = "$(inherited) @executable_path/Frameworks";
				PRODUCT_BUNDLE_IDENTIFIER = "DreamTeamMemeTeam.Helping-Hands";
				PRODUCT_NAME = "$(TARGET_NAME)";
				SWIFT_VERSION = 4.0;
				TARGETED_DEVICE_FAMILY = "1,2";
			};
			name = Release;
		};
/* End XCBuildConfiguration section */

/* Begin XCConfigurationList section */
		AB7742F82047853A00799F84 /* Build configuration list for PBXProject "Helping Hands" */ = {
			isa = XCConfigurationList;
			buildConfigurations = (
				AB77430F2047853A00799F84 /* Debug */,
				AB7743102047853A00799F84 /* Release */,
			);
			defaultConfigurationIsVisible = 0;
			defaultConfigurationName = Release;
		};
		AB7743112047853A00799F84 /* Build configuration list for PBXNativeTarget "Helping Hands" */ = {
			isa = XCConfigurationList;
			buildConfigurations = (
				AB7743122047853A00799F84 /* Debug */,
				AB7743132047853A00799F84 /* Release */,
			);
			defaultConfigurationIsVisible = 0;
			defaultConfigurationName = Release;
		};
/* End XCConfigurationList section */

/* Begin XCVersionGroup section */
		AB5F4B86205DDEA30085A11D /* globalCoreData.xcdatamodeld */ = {
			isa = XCVersionGroup;
			children = (
				AB5F4B87205DDEA30085A11D /* globalCoreData.xcdatamodel */,
			);
			currentVersion = AB5F4B87205DDEA30085A11D /* globalCoreData.xcdatamodel */;
			path = globalCoreData.xcdatamodeld;
			sourceTree = "<group>";
			versionGroupType = wrapper.xcdatamodel;
		};
/* End XCVersionGroup section */
	};
	rootObject = AB7742F52047853A00799F84 /* Project object */;
}
